
Microsoft Visual Studio Solution File, Format Version 12.00
# Visual Studio 15
VisualStudioVersion = 15.0.28307.902
MinimumVisualStudioVersion = 10.0.40219.1
Project("{FAE04EC0-301F-11D3-BF4B-00C04F79EFBC}") = "CrudMVCPractice", "CrudMVCPractice\CrudMVCPractice.csproj", "{76E85C10-6823-421D-98E9-F2C4F0F3558D}"
EndProject
Global
	GlobalSection(SolutionConfigurationPlatforms) = preSolution
		Debug|Any CPU = Debug|Any CPU
		Release|Any CPU = Release|Any CPU
	EndGlobalSection
	GlobalSection(ProjectConfigurationPlatforms) = postSolution
		{76E85C10-6823-421D-98E9-F2C4F0F3558D}.Debug|Any CPU.ActiveCfg = Debug|Any CPU
		{76E85C10-6823-421D-98E9-F2C4F0F3558D}.Debug|Any CPU.Build.0 = Debug|Any CPU
		{76E85C10-6823-421D-98E9-F2C4F0F3558D}.Release|Any CPU.ActiveCfg = Release|Any CPU
		{76E85C10-6823-421D-98E9-F2C4F0F3558D}.Release|Any CPU.Build.0 = Release|Any CPU
	EndGlobalSection
	GlobalSection(SolutionProperties) = preSolution
		HideSolutionNode = FALSE
	EndGlobalSection
	GlobalSection(ExtensibilityGlobals) = postSolution
		SolutionGuid = {2B47F7B1-35AC-469F-938C-DA3E09678C2A}
	EndGlobalSection
EndGlobal
